
Microsoft Visual Studio Solution File, Format Version 12.00
# Visual Studio Version 17
VisualStudioVersion = 17.14.36109.1
MinimumVisualStudioVersion = 10.0.40219.1
Project("{FAE04EC0-301F-11D3-BF4B-00C04F79EFBC}") = "Lection1003", "Lection1003\Lection1003.csproj", "{7F5A0BFA-86C6-4D54-9E4A-9A35807C3A78}"
EndProject
Project("{FAE04EC0-301F-11D3-BF4B-00C04F79EFBC}") = "Lection1007", "Lection1007\Lection1007.csproj", "{3CA44480-0FF5-4933-991A-4AFF564D3ACC}"
EndProject
Project("{FAE04EC0-301F-11D3-BF4B-00C04F79EFBC}") = "Lection1013", "Lection1013\Lection1013.csproj", "{63A2D5B5-0808-46CF-8CB6-A7EE125BEB92}"
EndProject
Project("{FAE04EC0-301F-11D3-BF4B-00C04F79EFBC}") = "Lection1017", "Lection1017\Lection1017.csproj", "{F7C249FF-AD71-45CE-8BF1-DF185981228B}"
EndProject
Project("{FAE04EC0-301F-11D3-BF4B-00C04F79EFBC}") = "Lection1020", "Lection1020\Lection1020.csproj", "{CDCD41AC-F58C-48FD-9679-BC9F758715E5}"
EndProject
Project("{FAE04EC0-301F-11D3-BF4B-00C04F79EFBC}") = "Lection1024", "Lection1024\Lection1024.csproj", "{70B8A741-1E16-4516-8821-25B2FB6DFB25}"
EndProject
Project("{FAE04EC0-301F-11D3-BF4B-00C04F79EFBC}") = "Lection1101", "Lection1101\Lection1101.csproj", "{56AC16D2-20A3-412F-B0DD-3EA93303B646}"
EndProject
Project("{FAE04EC0-301F-11D3-BF4B-00C04F79EFBC}") = "Lection1106", "Lection1106\Lection1106.csproj", "{6508211A-E3D2-457B-A52C-93B497B115A5}"
EndProject
Project("{FAE04EC0-301F-11D3-BF4B-00C04F79EFBC}") = "Lection1113", "Lection1113\Lection1113.csproj", "{A655EE38-1236-429B-A4A0-C132C022533B}"
EndProject
Global
	GlobalSection(SolutionConfigurationPlatforms) = preSolution
		Debug|Any CPU = Debug|Any CPU
		Release|Any CPU = Release|Any CPU
	EndGlobalSection
	GlobalSection(ProjectConfigurationPlatforms) = postSolution
		{7F5A0BFA-86C6-4D54-9E4A-9A35807C3A78}.Debug|Any CPU.ActiveCfg = Debug|Any CPU
		{7F5A0BFA-86C6-4D54-9E4A-9A35807C3A78}.Debug|Any CPU.Build.0 = Debug|Any CPU
		{7F5A0BFA-86C6-4D54-9E4A-9A35807C3A78}.Release|Any CPU.ActiveCfg = Release|Any CPU
		{7F5A0BFA-86C6-4D54-9E4A-9A35807C3A78}.Release|Any CPU.Build.0 = Release|Any CPU
		{3CA44480-0FF5-4933-991A-4AFF564D3ACC}.Debug|Any CPU.ActiveCfg = Debug|Any CPU
		{3CA44480-0FF5-4933-991A-4AFF564D3ACC}.Debug|Any CPU.Build.0 = Debug|Any CPU
		{3CA44480-0FF5-4933-991A-4AFF564D3ACC}.Release|Any CPU.ActiveCfg = Release|Any CPU
		{3CA44480-0FF5-4933-991A-4AFF564D3ACC}.Release|Any CPU.Build.0 = Release|Any CPU
		{63A2D5B5-0808-46CF-8CB6-A7EE125BEB92}.Debug|Any CPU.ActiveCfg = Debug|Any CPU
		{63A2D5B5-0808-46CF-8CB6-A7EE125BEB92}.Debug|Any CPU.Build.0 = Debug|Any CPU
		{63A2D5B5-0808-46CF-8CB6-A7EE125BEB92}.Release|Any CPU.ActiveCfg = Release|Any CPU
		{63A2D5B5-0808-46CF-8CB6-A7EE125BEB92}.Release|Any CPU.Build.0 = Release|Any CPU
		{F7C249FF-AD71-45CE-8BF1-DF185981228B}.Debug|Any CPU.ActiveCfg = Debug|Any CPU
		{F7C249FF-AD71-45CE-8BF1-DF185981228B}.Debug|Any CPU.Build.0 = Debug|Any CPU
		{F7C249FF-AD71-45CE-8BF1-DF185981228B}.Release|Any CPU.ActiveCfg = Release|Any CPU
		{F7C249FF-AD71-45CE-8BF1-DF185981228B}.Release|Any CPU.Build.0 = Release|Any CPU
		{CDCD41AC-F58C-48FD-9679-BC9F758715E5}.Debug|Any CPU.ActiveCfg = Debug|Any CPU
		{CDCD41AC-F58C-48FD-9679-BC9F758715E5}.Debug|Any CPU.Build.0 = Debug|Any CPU
		{CDCD41AC-F58C-48FD-9679-BC9F758715E5}.Release|Any CPU.ActiveCfg = Release|Any CPU
		{CDCD41AC-F58C-48FD-9679-BC9F758715E5}.Release|Any CPU.Build.0 = Release|Any CPU
		{70B8A741-1E16-4516-8821-25B2FB6DFB25}.Debug|Any CPU.ActiveCfg = Debug|Any CPU
		{70B8A741-1E16-4516-8821-25B2FB6DFB25}.Debug|Any CPU.Build.0 = Debug|Any CPU
		{70B8A741-1E16-4516-8821-25B2FB6DFB25}.Release|Any CPU.ActiveCfg = Release|Any CPU
		{70B8A741-1E16-4516-8821-25B2FB6DFB25}.Release|Any CPU.Build.0 = Release|Any CPU
		{56AC16D2-20A3-412F-B0DD-3EA93303B646}.Debug|Any CPU.ActiveCfg = Debug|Any CPU
		{56AC16D2-20A3-412F-B0DD-3EA93303B646}.Debug|Any CPU.Build.0 = Debug|Any CPU
		{56AC16D2-20A3-412F-B0DD-3EA93303B646}.Release|Any CPU.ActiveCfg = Release|Any CPU
		{56AC16D2-20A3-412F-B0DD-3EA93303B646}.Release|Any CPU.Build.0 = Release|Any CPU
		{6508211A-E3D2-457B-A52C-93B497B115A5}.Debug|Any CPU.ActiveCfg = Debug|Any CPU
		{6508211A-E3D2-457B-A52C-93B497B115A5}.Debug|Any CPU.Build.0 = Debug|Any CPU
		{6508211A-E3D2-457B-A52C-93B497B115A5}.Release|Any CPU.ActiveCfg = Release|Any CPU
		{6508211A-E3D2-457B-A52C-93B497B115A5}.Release|Any CPU.Build.0 = Release|Any CPU
		{A655EE38-1236-429B-A4A0-C132C022533B}.Debug|Any CPU.ActiveCfg = Debug|Any CPU
		{A655EE38-1236-429B-A4A0-C132C022533B}.Debug|Any CPU.Build.0 = Debug|Any CPU
		{A655EE38-1236-429B-A4A0-C132C022533B}.Release|Any CPU.ActiveCfg = Release|Any CPU
		{A655EE38-1236-429B-A4A0-C132C022533B}.Release|Any CPU.Build.0 = Release|Any CPU
	EndGlobalSection
	GlobalSection(SolutionProperties) = preSolution
		HideSolutionNode = FALSE
	EndGlobalSection
	GlobalSection(ExtensibilityGlobals) = postSolution
		SolutionGuid = {7C043E3A-8CEC-4836-87FB-91CFB1DFC656}
	EndGlobalSection
EndGlobal
