
Microsoft Visual Studio Solution File, Format Version 12.00
# Visual Studio Version 17
VisualStudioVersion = 17.14.36109.1
MinimumVisualStudioVersion = 10.0.40219.1
Project("{FAE04EC0-301F-11D3-BF4B-00C04F79EFBC}") = "Lection1003", "Lection1003\Lection1003.csproj", "{7F5A0BFA-86C6-4D54-9E4A-9A35807C3A78}"
EndProject
Project("{FAE04EC0-301F-11D3-BF4B-00C04F79EFBC}") = "Lection1007", "Lection1007\Lection1007.csproj", "{3CA44480-0FF5-4933-991A-4AFF564D3ACC}"
EndProject
Global
	GlobalSection(SolutionConfigurationPlatforms) = preSolution
		Debug|Any CPU = Debug|Any CPU
		Release|Any CPU = Release|Any CPU
	EndGlobalSection
	GlobalSection(ProjectConfigurationPlatforms) = postSolution
		{7F5A0BFA-86C6-4D54-9E4A-9A35807C3A78}.Debug|Any CPU.ActiveCfg = Debug|Any CPU
		{7F5A0BFA-86C6-4D54-9E4A-9A35807C3A78}.Debug|Any CPU.Build.0 = Debug|Any CPU
		{7F5A0BFA-86C6-4D54-9E4A-9A35807C3A78}.Release|Any CPU.ActiveCfg = Release|Any CPU
		{7F5A0BFA-86C6-4D54-9E4A-9A35807C3A78}.Release|Any CPU.Build.0 = Release|Any CPU
		{3CA44480-0FF5-4933-991A-4AFF564D3ACC}.Debug|Any CPU.ActiveCfg = Debug|Any CPU
		{3CA44480-0FF5-4933-991A-4AFF564D3ACC}.Debug|Any CPU.Build.0 = Debug|Any CPU
		{3CA44480-0FF5-4933-991A-4AFF564D3ACC}.Release|Any CPU.ActiveCfg = Release|Any CPU
		{3CA44480-0FF5-4933-991A-4AFF564D3ACC}.Release|Any CPU.Build.0 = Release|Any CPU
	EndGlobalSection
	GlobalSection(SolutionProperties) = preSolution
		HideSolutionNode = FALSE
	EndGlobalSection
	GlobalSection(ExtensibilityGlobals) = postSolution
		SolutionGuid = {7C043E3A-8CEC-4836-87FB-91CFB1DFC656}
	EndGlobalSection
EndGlobal
